// !$*UTF8*$!
{
	archiveVersion = 1;
	classes = {
	};
	objectVersion = 77;
	objects = {

/* Begin PBXContainerItemProxy section */
		93EFAE382DBD094C00E65E96 /* PBXContainerItemProxy */ = {
			isa = PBXContainerItemProxy;
			containerPortal = 93EFAE1F2DBD094B00E65E96 /* Project object */;
			proxyType = 1;
			remoteGlobalIDString = 93EFAE262DBD094B00E65E96;
			remoteInfo = SettingViewAccessibility;
		};
		93EFAE422DBD094C00E65E96 /* PBXContainerItemProxy */ = {
			isa = PBXContainerItemProxy;
			containerPortal = 93EFAE1F2DBD094B00E65E96 /* Project object */;
			proxyType = 1;
			remoteGlobalIDString = 93EFAE262DBD094B00E65E96;
			remoteInfo = SettingViewAccessibility;
		};
/* End PBXContainerItemProxy section */

/* Begin PBXFileReference section */
		93EFAE272DBD094B00E65E96 /* SettingViewAccessibility.app */ = {isa = PBXFileReference; explicitFileType = wrapper.application; includeInIndex = 0; path = SettingViewAccessibility.app; sourceTree = BUILT_PRODUCTS_DIR; };
		93EFAE372DBD094C00E65E96 /* SettingViewAccessibilityTests.xctest */ = {isa = PBXFileReference; explicitFileType = wrapper.cfbundle; includeInIndex = 0; path = SettingViewAccessibilityTests.xctest; sourceTree = BUILT_PRODUCTS_DIR; };
		93EFAE412DBD094C00E65E96 /* SettingViewAccessibilityUITests.xctest */ = {isa = PBXFileReference; explicitFileType = wrapper.cfbundle; includeInIndex = 0; path = SettingViewAccessibilityUITests.xctest; sourceTree = BUILT_PRODUCTS_DIR; };
/* End PBXFileReference section */

/* Begin PBXFileSystemSynchronizedRootGroup section */
		93EFAE292DBD094B00E65E96 /* SettingViewAccessibility */ = {
			isa = PBXFileSystemSynchronizedRootGroup;
			path = SettingViewAccessibility;
			sourceTree = "<group>";
		};
		93EFAE3A2DBD094C00E65E96 /* SettingViewAccessibilityTests */ = {
			isa = PBXFileSystemSynchronizedRootGroup;
			path = SettingViewAccessibilityTests;
			sourceTree = "<group>";
		};
		93EFAE442DBD094C00E65E96 /* SettingViewAccessibilityUITests */ = {
			isa = PBXFileSystemSynchronizedRootGroup;
			path = SettingViewAccessibilityUITests;
			sourceTree = "<group>";
		};
/* End PBXFileSystemSynchronizedRootGroup section */

/* Begin PBXFrameworksBuildPhase section */
		93EFAE242DBD094B00E65E96 /* Frameworks */ = {
			isa = PBXFrameworksBuildPhase;
			buildActionMask = 2147483647;
			files = (
			);
			runOnlyForDeploymentPostprocessing = 0;
		};
		93EFAE342DBD094C00E65E96 /* Frameworks */ = {
			isa = PBXFrameworksBuildPhase;
			buildActionMask = 2147483647;
			files = (
			);
			runOnlyForDeploymentPostprocessing = 0;
		};
		93EFAE3E2DBD094C00E65E96 /* Frameworks */ = {
			isa = PBXFrameworksBuildPhase;
			buildActionMask = 2147483647;
			files = (
			);
			runOnlyForDeploymentPostprocessing = 0;
		};
/* End PBXFrameworksBuildPhase section */

/* Begin PBXGroup section */
		93EFAE1E2DBD094B00E65E96 = {
			isa = PBXGroup;
			children = (
				93EFAE292DBD094B00E65E96 /* SettingViewAccessibility */,
				93EFAE3A2DBD094C00E65E96 /* SettingViewAccessibilityTests */,
				93EFAE442DBD094C00E65E96 /* SettingViewAccessibilityUITests */,
				93EFAE282DBD094B00E65E96 /* Products */,
			);
			sourceTree = "<group>";
		};
		93EFAE282DBD094B00E65E96 /* Products */ = {
			isa = PBXGroup;
			children = (
				93EFAE272DBD094B00E65E96 /* SettingViewAccessibility.app */,
				93EFAE372DBD094C00E65E96 /* SettingViewAccessibilityTests.xctest */,
				93EFAE412DBD094C00E65E96 /* SettingViewAccessibilityUITests.xctest */,
			);
			name = Products;
			sourceTree = "<group>";
		};
/* End PBXGroup section */

/* Begin PBXNativeTarget section */
		93EFAE262DBD094B00E65E96 /* SettingViewAccessibility */ = {
			isa = PBXNativeTarget;
			buildConfigurationList = 93EFAE4B2DBD094C00E65E96 /* Build configuration list for PBXNativeTarget "SettingViewAccessibility" */;
			buildPhases = (
				93EFAE232DBD094B00E65E96 /* Sources */,
				93EFAE242DBD094B00E65E96 /* Frameworks */,
				93EFAE252DBD094B00E65E96 /* Resources */,
			);
			buildRules = (
			);
			dependencies = (
			);
			fileSystemSynchronizedGroups = (
				93EFAE292DBD094B00E65E96 /* SettingViewAccessibility */,
			);
			name = SettingViewAccessibility;
			packageProductDependencies = (
			);
			productName = SettingViewAccessibility;
			productReference = 93EFAE272DBD094B00E65E96 /* SettingViewAccessibility.app */;
			productType = "com.apple.product-type.application";
		};
		93EFAE362DBD094C00E65E96 /* SettingViewAccessibilityTests */ = {
			isa = PBXNativeTarget;
			buildConfigurationList = 93EFAE4E2DBD094C00E65E96 /* Build configuration list for PBXNativeTarget "SettingViewAccessibilityTests" */;
			buildPhases = (
				93EFAE332DBD094C00E65E96 /* Sources */,
				93EFAE342DBD094C00E65E96 /* Frameworks */,
				93EFAE352DBD094C00E65E96 /* Resources */,
			);
			buildRules = (
			);
			dependencies = (
				93EFAE392DBD094C00E65E96 /* PBXTargetDependency */,
			);
			fileSystemSynchronizedGroups = (
				93EFAE3A2DBD094C00E65E96 /* SettingViewAccessibilityTests */,
			);
			name = SettingViewAccessibilityTests;
			packageProductDependencies = (
			);
			productName = SettingViewAccessibilityTests;
			productReference = 93EFAE372DBD094C00E65E96 /* SettingViewAccessibilityTests.xctest */;
			productType = "com.apple.product-type.bundle.unit-test";
		};
		93EFAE402DBD094C00E65E96 /* SettingViewAccessibilityUITests */ = {
			isa = PBXNativeTarget;
			buildConfigurationList = 93EFAE512DBD094C00E65E96 /* Build configuration list for PBXNativeTarget "SettingViewAccessibilityUITests" */;
			buildPhases = (
				93EFAE3D2DBD094C00E65E96 /* Sources */,
				93EFAE3E2DBD094C00E65E96 /* Frameworks */,
				93EFAE3F2DBD094C00E65E96 /* Resources */,
			);
			buildRules = (
			);
			dependencies = (
				93EFAE432DBD094C00E65E96 /* PBXTargetDependency */,
			);
			fileSystemSynchronizedGroups = (
				93EFAE442DBD094C00E65E96 /* SettingViewAccessibilityUITests */,
			);
			name = SettingViewAccessibilityUITests;
			packageProductDependencies = (
			);
			productName = SettingViewAccessibilityUITests;
			productReference = 93EFAE412DBD094C00E65E96 /* SettingViewAccessibilityUITests.xctest */;
			productType = "com.apple.product-type.bundle.ui-testing";
		};
/* End PBXNativeTarget section */

/* Begin PBXProject section */
		93EFAE1F2DBD094B00E65E96 /* Project object */ = {
			isa = PBXProject;
			attributes = {
				BuildIndependentTargetsInParallel = 1;
				LastSwiftUpdateCheck = 1620;
				LastUpgradeCheck = 1620;
				TargetAttributes = {
					93EFAE262DBD094B00E65E96 = {
						CreatedOnToolsVersion = 16.2;
					};
					93EFAE362DBD094C00E65E96 = {
						CreatedOnToolsVersion = 16.2;
						TestTargetID = 93EFAE262DBD094B00E65E96;
					};
					93EFAE402DBD094C00E65E96 = {
						CreatedOnToolsVersion = 16.2;
						TestTargetID = 93EFAE262DBD094B00E65E96;
					};
				};
			};
			buildConfigurationList = 93EFAE222DBD094B00E65E96 /* Build configuration list for PBXProject "SettingViewAccessibility" */;
			developmentRegion = en;
			hasScannedForEncodings = 0;
			knownRegions = (
				en,
				Base,
			);
			mainGroup = 93EFAE1E2DBD094B00E65E96;
			minimizedProjectReferenceProxies = 1;
			preferredProjectObjectVersion = 77;
			productRefGroup = 93EFAE282DBD094B00E65E96 /* Products */;
			projectDirPath = "";
			projectRoot = "";
			targets = (
				93EFAE262DBD094B00E65E96 /* SettingViewAccessibility */,
				93EFAE362DBD094C00E65E96 /* SettingViewAccessibilityTests */,
				93EFAE402DBD094C00E65E96 /* SettingViewAccessibilityUITests */,
			);
		};
/* End PBXProject section */

/* Begin PBXResourcesBuildPhase section */
		93EFAE252DBD094B00E65E96 /* Resources */ = {
			isa = PBXResourcesBuildPhase;
			buildActionMask = 2147483647;
			files = (
			);
			runOnlyForDeploymentPostprocessing = 0;
		};
		93EFAE352DBD094C00E65E96 /* Resources */ = {
			isa = PBXResourcesBuildPhase;
			buildActionMask = 2147483647;
			files = (
			);
			runOnlyForDeploymentPostprocessing = 0;
		};
		93EFAE3F2DBD094C00E65E96 /* Resources */ = {
			isa = PBXResourcesBuildPhase;
			buildActionMask = 2147483647;
			files = (
			);
			runOnlyForDeploymentPostprocessing = 0;
		};
/* End PBXResourcesBuildPhase section */

/* Begin PBXSourcesBuildPhase section */
		93EFAE232DBD094B00E65E96 /* Sources */ = {
			isa = PBXSourcesBuildPhase;
			buildActionMask = 2147483647;
			files = (
			);
			runOnlyForDeploymentPostprocessing = 0;
		};
		93EFAE332DBD094C00E65E96 /* Sources */ = {
			isa = PBXSourcesBuildPhase;
			buildActionMask = 2147483647;
			files = (
			);
			runOnlyForDeploymentPostprocessing = 0;
		};
		93EFAE3D2DBD094C00E65E96 /* Sources */ = {
			isa = PBXSourcesBuildPhase;
			buildActionMask = 2147483647;
			files = (
			);
			runOnlyForDeploymentPostprocessing = 0;
		};
/* End PBXSourcesBuildPhase section */

/* Begin PBXTargetDependency section */
		93EFAE392DBD094C00E65E96 /* PBXTargetDependency */ = {
			isa = PBXTargetDependency;
			target = 93EFAE262DBD094B00E65E96 /* SettingViewAccessibility */;
			targetProxy = 93EFAE382DBD094C00E65E96 /* PBXContainerItemProxy */;
		};
		93EFAE432DBD094C00E65E96 /* PBXTargetDependency */ = {
			isa = PBXTargetDependency;
			target = 93EFAE262DBD094B00E65E96 /* SettingViewAccessibility */;
			targetProxy = 93EFAE422DBD094C00E65E96 /* PBXContainerItemProxy */;
		};
/* End PBXTargetDependency section */

/* Begin XCBuildConfiguration section */
		93EFAE492DBD094C00E65E96 /* Debug */ = {
			isa = XCBuildConfiguration;
			buildSettings = {
				ALWAYS_SEARCH_USER_PATHS = NO;
				ASSETCATALOG_COMPILER_GENERATE_SWIFT_ASSET_SYMBOL_EXTENSIONS = YES;
				CLANG_ANALYZER_NONNULL = YES;
				CLANG_ANALYZER_NUMBER_OBJECT_CONVERSION = YES_AGGRESSIVE;
				CLANG_CXX_LANGUAGE_STANDARD = "gnu++20";
				CLANG_ENABLE_MODULES = YES;
				CLANG_ENABLE_OBJC_ARC = YES;
				CLANG_ENABLE_OBJC_WEAK = YES;
				CLANG_WARN_BLOCK_CAPTURE_AUTORELEASING = YES;
				CLANG_WARN_BOOL_CONVERSION = YES;
				CLANG_WARN_COMMA = YES;
				CLANG_WARN_CONSTANT_CONVERSION = YES;
				CLANG_WARN_DEPRECATED_OBJC_IMPLEMENTATIONS = YES;
				CLANG_WARN_DIRECT_OBJC_ISA_USAGE = YES_ERROR;
				CLANG_WARN_DOCUMENTATION_COMMENTS = YES;
				CLANG_WARN_EMPTY_BODY = YES;
				CLANG_WARN_ENUM_CONVERSION = YES;
				CLANG_WARN_INFINITE_RECURSION = YES;
				CLANG_WARN_INT_CONVERSION = YES;
				CLANG_WARN_NON_LITERAL_NULL_CONVERSION = YES;
				CLANG_WARN_OBJC_IMPLICIT_RETAIN_SELF = YES;
				CLANG_WARN_OBJC_LITERAL_CONVERSION = YES;
				CLANG_WARN_OBJC_ROOT_CLASS = YES_ERROR;
				CLANG_WARN_QUOTED_INCLUDE_IN_FRAMEWORK_HEADER = YES;
				CLANG_WARN_RANGE_LOOP_ANALYSIS = YES;
				CLANG_WARN_STRICT_PROTOTYPES = YES;
				CLANG_WARN_SUSPICIOUS_MOVE = YES;
				CLANG_WARN_UNGUARDED_AVAILABILITY = YES_AGGRESSIVE;
				CLANG_WARN_UNREACHABLE_CODE = YES;
				CLANG_WARN__DUPLICATE_METHOD_MATCH = YES;
				COPY_PHASE_STRIP = NO;
				DEBUG_INFORMATION_FORMAT = dwarf;
				ENABLE_STRICT_OBJC_MSGSEND = YES;
				ENABLE_TESTABILITY = YES;
				ENABLE_USER_SCRIPT_SANDBOXING = YES;
				GCC_C_LANGUAGE_STANDARD = gnu17;
				GCC_DYNAMIC_NO_PIC = NO;
				GCC_NO_COMMON_BLOCKS = YES;
				GCC_OPTIMIZATION_LEVEL = 0;
				GCC_PREPROCESSOR_DEFINITIONS = (
					"DEBUG=1",
					"$(inherited)",
				);
				GCC_WARN_64_TO_32_BIT_CONVERSION = YES;
				GCC_WARN_ABOUT_RETURN_TYPE = YES_ERROR;
				GCC_WARN_UNDECLARED_SELECTOR = YES;
				GCC_WARN_UNINITIALIZED_AUTOS = YES_AGGRESSIVE;
				GCC_WARN_UNUSED_FUNCTION = YES;
				GCC_WARN_UNUSED_VARIABLE = YES;
				IPHONEOS_DEPLOYMENT_TARGET = 18.2;
				LOCALIZATION_PREFERS_STRING_CATALOGS = YES;
				MTL_ENABLE_DEBUG_INFO = INCLUDE_SOURCE;
				MTL_FAST_MATH = YES;
				ONLY_ACTIVE_ARCH = YES;
				SDKROOT = iphoneos;
				SWIFT_ACTIVE_COMPILATION_CONDITIONS = "DEBUG $(inherited)";
				SWIFT_OPTIMIZATION_LEVEL = "-Onone";
			};
			name = Debug;
		};
		93EFAE4A2DBD094C00E65E96 /* Release */ = {
			isa = XCBuildConfiguration;
			buildSettings = {
				ALWAYS_SEARCH_USER_PATHS = NO;
				ASSETCATALOG_COMPILER_GENERATE_SWIFT_ASSET_SYMBOL_EXTENSIONS = YES;
				CLANG_ANALYZER_NONNULL = YES;
				CLANG_ANALYZER_NUMBER_OBJECT_CONVERSION = YES_AGGRESSIVE;
				CLANG_CXX_LANGUAGE_STANDARD = "gnu++20";
				CLANG_ENABLE_MODULES = YES;
				CLANG_ENABLE_OBJC_ARC = YES;
				CLANG_ENABLE_OBJC_WEAK = YES;
				CLANG_WARN_BLOCK_CAPTURE_AUTORELEASING = YES;
				CLANG_WARN_BOOL_CONVERSION = YES;
				CLANG_WARN_COMMA = YES;
				CLANG_WARN_CONSTANT_CONVERSION = YES;
				CLANG_WARN_DEPRECATED_OBJC_IMPLEMENTATIONS = YES;
				CLANG_WARN_DIRECT_OBJC_ISA_USAGE = YES_ERROR;
				CLANG_WARN_DOCUMENTATION_COMMENTS = YES;
				CLANG_WARN_EMPTY_BODY = YES;
				CLANG_WARN_ENUM_CONVERSION = YES;
				CLANG_WARN_INFINITE_RECURSION = YES;
				CLANG_WARN_INT_CONVERSION = YES;
				CLANG_WARN_NON_LITERAL_NULL_CONVERSION = YES;
				CLANG_WARN_OBJC_IMPLICIT_RETAIN_SELF = YES;
				CLANG_WARN_OBJC_LITERAL_CONVERSION = YES;
				CLANG_WARN_OBJC_ROOT_CLASS = YES_ERROR;
				CLANG_WARN_QUOTED_INCLUDE_IN_FRAMEWORK_HEADER = YES;
				CLANG_WARN_RANGE_LOOP_ANALYSIS = YES;
				CLANG_WARN_STRICT_PROTOTYPES = YES;
				CLANG_WARN_SUSPICIOUS_MOVE = YES;
				CLANG_WARN_UNGUARDED_AVAILABILITY = YES_AGGRESSIVE;
				CLANG_WARN_UNREACHABLE_CODE = YES;
				CLANG_WARN__DUPLICATE_METHOD_MATCH = YES;
				COPY_PHASE_STRIP = NO;
				DEBUG_INFORMATION_FORMAT = "dwarf-with-dsym";
				ENABLE_NS_ASSERTIONS = NO;
				ENABLE_STRICT_OBJC_MSGSEND = YES;
				ENABLE_USER_SCRIPT_SANDBOXING = YES;
				GCC_C_LANGUAGE_STANDARD = gnu17;
				GCC_NO_COMMON_BLOCKS = YES;
				GCC_WARN_64_TO_32_BIT_CONVERSION = YES;
				GCC_WARN_ABOUT_RETURN_TYPE = YES_ERROR;
				GCC_WARN_UNDECLARED_SELECTOR = YES;
				GCC_WARN_UNINITIALIZED_AUTOS = YES_AGGRESSIVE;
				GCC_WARN_UNUSED_FUNCTION = YES;
				GCC_WARN_UNUSED_VARIABLE = YES;
				IPHONEOS_DEPLOYMENT_TARGET = 18.2;
				LOCALIZATION_PREFERS_STRING_CATALOGS = YES;
				MTL_ENABLE_DEBUG_INFO = NO;
				MTL_FAST_MATH = YES;
				SDKROOT = iphoneos;
				SWIFT_COMPILATION_MODE = wholemodule;
				VALIDATE_PRODUCT = YES;
			};
			name = Release;
		};
		93EFAE4C2DBD094C00E65E96 /* Debug */ = {
			isa = XCBuildConfiguration;
			buildSettings = {
				ASSETCATALOG_COMPILER_APPICON_NAME = AppIcon;
				ASSETCATALOG_COMPILER_GLOBAL_ACCENT_COLOR_NAME = AccentColor;
				CODE_SIGN_STYLE = Automatic;
				CURRENT_PROJECT_VERSION = 1;
				DEVELOPMENT_ASSET_PATHS = "\"SettingViewAccessibility/Preview Content\"";
				ENABLE_PREVIEWS = YES;
				GENERATE_INFOPLIST_FILE = YES;
				INFOPLIST_KEY_UIApplicationSceneManifest_Generation = YES;
				INFOPLIST_KEY_UIApplicationSupportsIndirectInputEvents = YES;
				INFOPLIST_KEY_UILaunchScreen_Generation = YES;
				INFOPLIST_KEY_UISupportedInterfaceOrientations_iPad = "UIInterfaceOrientationPortrait UIInterfaceOrientationPortraitUpsideDown UIInterfaceOrientationLandscapeLeft UIInterfaceOrientationLandscapeRight";
				INFOPLIST_KEY_UISupportedInterfaceOrientations_iPhone = "UIInterfaceOrientationPortrait UIInterfaceOrientationLandscapeLeft UIInterfaceOrientationLandscapeRight";
				LD_RUNPATH_SEARCH_PATHS = (
					"$(inherited)",
					"@executable_path/Frameworks",
				);
				MARKETING_VERSION = 1.0;
				PRODUCT_BUNDLE_IDENTIFIER = byzakrdnz.SettingViewAccessibility;
				PRODUCT_NAME = "$(TARGET_NAME)";
				SWIFT_EMIT_LOC_STRINGS = YES;
				SWIFT_VERSION = 5.0;
				TARGETED_DEVICE_FAMILY = "1,2";
			};
			name = Debug;
		};
		93EFAE4D2DBD094C00E65E96 /* Release */ = {
			isa = XCBuildConfiguration;
			buildSettings = {
				ASSETCATALOG_COMPILER_APPICON_NAME = AppIcon;
				ASSETCATALOG_COMPILER_GLOBAL_ACCENT_COLOR_NAME = AccentColor;
				CODE_SIGN_STYLE = Automatic;
				CURRENT_PROJECT_VERSION = 1;
				DEVELOPMENT_ASSET_PATHS = "\"SettingViewAccessibility/Preview Content\"";
				ENABLE_PREVIEWS = YES;
				GENERATE_INFOPLIST_FILE = YES;
				INFOPLIST_KEY_UIApplicationSceneManifest_Generation = YES;
				INFOPLIST_KEY_UIApplicationSupportsIndirectInputEvents = YES;
				INFOPLIST_KEY_UILaunchScreen_Generation = YES;
				INFOPLIST_KEY_UISupportedInterfaceOrientations_iPad = "UIInterfaceOrientationPortrait UIInterfaceOrientationPortraitUpsideDown UIInterfaceOrientationLandscapeLeft UIInterfaceOrientationLandscapeRight";
				INFOPLIST_KEY_UISupportedInterfaceOrientations_iPhone = "UIInterfaceOrientationPortrait UIInterfaceOrientationLandscapeLeft UIInterfaceOrientationLandscapeRight";
				LD_RUNPATH_SEARCH_PATHS = (
					"$(inherited)",
					"@executable_path/Frameworks",
				);
				MARKETING_VERSION = 1.0;
				PRODUCT_BUNDLE_IDENTIFIER = byzakrdnz.SettingViewAccessibility;
				PRODUCT_NAME = "$(TARGET_NAME)";
				SWIFT_EMIT_LOC_STRINGS = YES;
				SWIFT_VERSION = 5.0;
				TARGETED_DEVICE_FAMILY = "1,2";
			};
			name = Release;
		};
		93EFAE4F2DBD094C00E65E96 /* Debug */ = {
			isa = XCBuildConfiguration;
			buildSettings = {
				BUNDLE_LOADER = "$(TEST_HOST)";
				CODE_SIGN_STYLE = Automatic;
				CURRENT_PROJECT_VERSION = 1;
				GENERATE_INFOPLIST_FILE = YES;
				IPHONEOS_DEPLOYMENT_TARGET = 18.2;
				MARKETING_VERSION = 1.0;
				PRODUCT_BUNDLE_IDENTIFIER = byzakrdnz.SettingViewAccessibilityTests;
				PRODUCT_NAME = "$(TARGET_NAME)";
				SWIFT_EMIT_LOC_STRINGS = NO;
				SWIFT_VERSION = 5.0;
				TARGETED_DEVICE_FAMILY = "1,2";
				TEST_HOST = "$(BUILT_PRODUCTS_DIR)/SettingViewAccessibility.app/$(BUNDLE_EXECUTABLE_FOLDER_PATH)/SettingViewAccessibility";
			};
			name = Debug;
		};
		93EFAE502DBD094C00E65E96 /* Release */ = {
			isa = XCBuildConfiguration;
			buildSettings = {
				BUNDLE_LOADER = "$(TEST_HOST)";
				CODE_SIGN_STYLE = Automatic;
				CURRENT_PROJECT_VERSION = 1;
				GENERATE_INFOPLIST_FILE = YES;
				IPHONEOS_DEPLOYMENT_TARGET = 18.2;
				MARKETING_VERSION = 1.0;
				PRODUCT_BUNDLE_IDENTIFIER = byzakrdnz.SettingViewAccessibilityTests;
				PRODUCT_NAME = "$(TARGET_NAME)";
				SWIFT_EMIT_LOC_STRINGS = NO;
				SWIFT_VERSION = 5.0;
				TARGETED_DEVICE_FAMILY = "1,2";
				TEST_HOST = "$(BUILT_PRODUCTS_DIR)/SettingViewAccessibility.app/$(BUNDLE_EXECUTABLE_FOLDER_PATH)/SettingViewAccessibility";
			};
			name = Release;
		};
		93EFAE522DBD094C00E65E96 /* Debug */ = {
			isa = XCBuildConfiguration;
			buildSettings = {
				CODE_SIGN_STYLE = Automatic;
				CURRENT_PROJECT_VERSION = 1;
				GENERATE_INFOPLIST_FILE = YES;
				MARKETING_VERSION = 1.0;
				PRODUCT_BUNDLE_IDENTIFIER = byzakrdnz.SettingViewAccessibilityUITests;
				PRODUCT_NAME = "$(TARGET_NAME)";
				SWIFT_EMIT_LOC_STRINGS = NO;
				SWIFT_VERSION = 5.0;
				TARGETED_DEVICE_FAMILY = "1,2";
				TEST_TARGET_NAME = SettingViewAccessibility;
			};
			name = Debug;
		};
		93EFAE532DBD094C00E65E96 /* Release */ = {
			isa = XCBuildConfiguration;
			buildSettings = {
				CODE_SIGN_STYLE = Automatic;
				CURRENT_PROJECT_VERSION = 1;
				GENERATE_INFOPLIST_FILE = YES;
				MARKETING_VERSION = 1.0;
				PRODUCT_BUNDLE_IDENTIFIER = byzakrdnz.SettingViewAccessibilityUITests;
				PRODUCT_NAME = "$(TARGET_NAME)";
				SWIFT_EMIT_LOC_STRINGS = NO;
				SWIFT_VERSION = 5.0;
				TARGETED_DEVICE_FAMILY = "1,2";
				TEST_TARGET_NAME = SettingViewAccessibility;
			};
			name = Release;
		};
/* End XCBuildConfiguration section */

/* Begin XCConfigurationList section */
		93EFAE222DBD094B00E65E96 /* Build configuration list for PBXProject "SettingViewAccessibility" */ = {
			isa = XCConfigurationList;
			buildConfigurations = (
				93EFAE492DBD094C00E65E96 /* Debug */,
				93EFAE4A2DBD094C00E65E96 /* Release */,
			);
			defaultConfigurationIsVisible = 0;
			defaultConfigurationName = Release;
		};
		93EFAE4B2DBD094C00E65E96 /* Build configuration list for PBXNativeTarget "SettingViewAccessibility" */ = {
			isa = XCConfigurationList;
			buildConfigurations = (
				93EFAE4C2DBD094C00E65E96 /* Debug */,
				93EFAE4D2DBD094C00E65E96 /* Release */,
			);
			defaultConfigurationIsVisible = 0;
			defaultConfigurationName = Release;
		};
		93EFAE4E2DBD094C00E65E96 /* Build configuration list for PBXNativeTarget "SettingViewAccessibilityTests" */ = {
			isa = XCConfigurationList;
			buildConfigurations = (
				93EFAE4F2DBD094C00E65E96 /* Debug */,
				93EFAE502DBD094C00E65E96 /* Release */,
			);
			defaultConfigurationIsVisible = 0;
			defaultConfigurationName = Release;
		};
		93EFAE512DBD094C00E65E96 /* Build configuration list for PBXNativeTarget "SettingViewAccessibilityUITests" */ = {
			isa = XCConfigurationList;
			buildConfigurations = (
				93EFAE522DBD094C00E65E96 /* Debug */,
				93EFAE532DBD094C00E65E96 /* Release */,
			);
			defaultConfigurationIsVisible = 0;
			defaultConfigurationName = Release;
		};
/* End XCConfigurationList section */
	};
	rootObject = 93EFAE1F2DBD094B00E65E96 /* Project object */;
}
